// !$*UTF8*$!
{
	archiveVersion = 1;
	classes = {
	};
	objectVersion = 46;
	objects = {

/* Begin PBXBuildFile section */
		13A64D271ABF6CA500070DFF /* AppDelegate.swift in Sources */ = {isa = PBXBuildFile; fileRef = 13A64D261ABF6CA500070DFF /* AppDelegate.swift */; };
		13A64D291ABF6CA500070DFF /* ViewController.swift in Sources */ = {isa = PBXBuildFile; fileRef = 13A64D281ABF6CA500070DFF /* ViewController.swift */; };
		13A64D2C1ABF6CA500070DFF /* Main.storyboard in Resources */ = {isa = PBXBuildFile; fileRef = 13A64D2A1ABF6CA500070DFF /* Main.storyboard */; };
		13A64D2E1ABF6CA500070DFF /* Images.xcassets in Resources */ = {isa = PBXBuildFile; fileRef = 13A64D2D1ABF6CA500070DFF /* Images.xcassets */; };
		13A64D311ABF6CA500070DFF /* LaunchScreen.xib in Resources */ = {isa = PBXBuildFile; fileRef = 13A64D2F1ABF6CA500070DFF /* LaunchScreen.xib */; };
		13A64D3D1ABF6CA500070DFF /* InfiniteNestedDataTests.swift in Sources */ = {isa = PBXBuildFile; fileRef = 13A64D3C1ABF6CA500070DFF /* InfiniteNestedDataTests.swift */; };
/* End PBXBuildFile section */

/* Begin PBXContainerItemProxy section */
		13A64D371ABF6CA500070DFF /* PBXContainerItemProxy */ = {
			isa = PBXContainerItemProxy;
			containerPortal = 13A64D191ABF6CA500070DFF /* Project object */;
			proxyType = 1;
			remoteGlobalIDString = 13A64D201ABF6CA500070DFF;
			remoteInfo = InfiniteNestedData;
		};
/* End PBXContainerItemProxy section */

/* Begin PBXFileReference section */
		13A64D211ABF6CA500070DFF /* InfiniteNestedData.app */ = {isa = PBXFileReference; explicitFileType = wrapper.application; includeInIndex = 0; path = InfiniteNestedData.app; sourceTree = BUILT_PRODUCTS_DIR; };
		13A64D251ABF6CA500070DFF /* Info.plist */ = {isa = PBXFileReference; lastKnownFileType = text.plist.xml; path = Info.plist; sourceTree = "<group>"; };
		13A64D261ABF6CA500070DFF /* AppDelegate.swift */ = {isa = PBXFileReference; lastKnownFileType = sourcecode.swift; path = AppDelegate.swift; sourceTree = "<group>"; };
		13A64D281ABF6CA500070DFF /* ViewController.swift */ = {isa = PBXFileReference; lastKnownFileType = sourcecode.swift; path = ViewController.swift; sourceTree = "<group>"; };
		13A64D2B1ABF6CA500070DFF /* Base */ = {isa = PBXFileReference; lastKnownFileType = file.storyboard; name = Base; path = Base.lproj/Main.storyboard; sourceTree = "<group>"; };
		13A64D2D1ABF6CA500070DFF /* Images.xcassets */ = {isa = PBXFileReference; lastKnownFileType = folder.assetcatalog; path = Images.xcassets; sourceTree = "<group>"; };
		13A64D301ABF6CA500070DFF /* Base */ = {isa = PBXFileReference; lastKnownFileType = file.xib; name = Base; path = Base.lproj/LaunchScreen.xib; sourceTree = "<group>"; };
		13A64D361ABF6CA500070DFF /* InfiniteNestedDataTests.xctest */ = {isa = PBXFileReference; explicitFileType = wrapper.cfbundle; includeInIndex = 0; path = InfiniteNestedDataTests.xctest; sourceTree = BUILT_PRODUCTS_DIR; };
		13A64D3B1ABF6CA500070DFF /* Info.plist */ = {isa = PBXFileReference; lastKnownFileType = text.plist.xml; path = Info.plist; sourceTree = "<group>"; };
		13A64D3C1ABF6CA500070DFF /* InfiniteNestedDataTests.swift */ = {isa = PBXFileReference; lastKnownFileType = sourcecode.swift; path = InfiniteNestedDataTests.swift; sourceTree = "<group>"; };
/* End PBXFileReference section */

/* Begin PBXFrameworksBuildPhase section */
		13A64D1E1ABF6CA500070DFF /* Frameworks */ = {
			isa = PBXFrameworksBuildPhase;
			buildActionMask = 2147483647;
			files = (
			);
			runOnlyForDeploymentPostprocessing = 0;
		};
		13A64D331ABF6CA500070DFF /* Frameworks */ = {
			isa = PBXFrameworksBuildPhase;
			buildActionMask = 2147483647;
			files = (
			);
			runOnlyForDeploymentPostprocessing = 0;
		};
/* End PBXFrameworksBuildPhase section */

/* Begin PBXGroup section */
		13A64D181ABF6CA500070DFF = {
			isa = PBXGroup;
			children = (
				13A64D231ABF6CA500070DFF /* InfiniteNestedData */,
				13A64D391ABF6CA500070DFF /* InfiniteNestedDataTests */,
				13A64D221ABF6CA500070DFF /* Products */,
			);
			sourceTree = "<group>";
		};
		13A64D221ABF6CA500070DFF /* Products */ = {
			isa = PBXGroup;
			children = (
				13A64D211ABF6CA500070DFF /* InfiniteNestedData.app */,
				13A64D361ABF6CA500070DFF /* InfiniteNestedDataTests.xctest */,
			);
			name = Products;
			sourceTree = "<group>";
		};
		13A64D231ABF6CA500070DFF /* InfiniteNestedData */ = {
			isa = PBXGroup;
			children = (
				13A64D261ABF6CA500070DFF /* AppDelegate.swift */,
				13A64D281ABF6CA500070DFF /* ViewController.swift */,
				13A64D2A1ABF6CA500070DFF /* Main.storyboard */,
				13A64D2D1ABF6CA500070DFF /* Images.xcassets */,
				13A64D2F1ABF6CA500070DFF /* LaunchScreen.xib */,
				13A64D241ABF6CA500070DFF /* Supporting Files */,
			);
			path = InfiniteNestedData;
			sourceTree = "<group>";
		};
		13A64D241ABF6CA500070DFF /* Supporting Files */ = {
			isa = PBXGroup;
			children = (
				13A64D251ABF6CA500070DFF /* Info.plist */,
			);
			name = "Supporting Files";
			sourceTree = "<group>";
		};
		13A64D391ABF6CA500070DFF /* InfiniteNestedDataTests */ = {
			isa = PBXGroup;
			children = (
				13A64D3C1ABF6CA500070DFF /* InfiniteNestedDataTests.swift */,
				13A64D3A1ABF6CA500070DFF /* Supporting Files */,
			);
			path = InfiniteNestedDataTests;
			sourceTree = "<group>";
		};
		13A64D3A1ABF6CA500070DFF /* Supporting Files */ = {
			isa = PBXGroup;
			children = (
				13A64D3B1ABF6CA500070DFF /* Info.plist */,
			);
			name = "Supporting Files";
			sourceTree = "<group>";
		};
/* End PBXGroup section */

/* Begin PBXNativeTarget section */
		13A64D201ABF6CA500070DFF /* InfiniteNestedData */ = {
			isa = PBXNativeTarget;
			buildConfigurationList = 13A64D401ABF6CA500070DFF /* Build configuration list for PBXNativeTarget "InfiniteNestedData" */;
			buildPhases = (
				13A64D1D1ABF6CA500070DFF /* Sources */,
				13A64D1E1ABF6CA500070DFF /* Frameworks */,
				13A64D1F1ABF6CA500070DFF /* Resources */,
			);
			buildRules = (
			);
			dependencies = (
			);
			name = InfiniteNestedData;
			productName = InfiniteNestedData;
			productReference = 13A64D211ABF6CA500070DFF /* InfiniteNestedData.app */;
			productType = "com.apple.product-type.application";
		};
		13A64D351ABF6CA500070DFF /* InfiniteNestedDataTests */ = {
			isa = PBXNativeTarget;
			buildConfigurationList = 13A64D431ABF6CA500070DFF /* Build configuration list for PBXNativeTarget "InfiniteNestedDataTests" */;
			buildPhases = (
				13A64D321ABF6CA500070DFF /* Sources */,
				13A64D331ABF6CA500070DFF /* Frameworks */,
				13A64D341ABF6CA500070DFF /* Resources */,
			);
			buildRules = (
			);
			dependencies = (
				13A64D381ABF6CA500070DFF /* PBXTargetDependency */,
			);
			name = InfiniteNestedDataTests;
			productName = InfiniteNestedDataTests;
			productReference = 13A64D361ABF6CA500070DFF /* InfiniteNestedDataTests.xctest */;
			productType = "com.apple.product-type.bundle.unit-test";
		};
/* End PBXNativeTarget section */

/* Begin PBXProject section */
		13A64D191ABF6CA500070DFF /* Project object */ = {
			isa = PBXProject;
			attributes = {
				LastUpgradeCheck = 0630;
				ORGANIZATIONNAME = "Richard S";
				TargetAttributes = {
					13A64D201ABF6CA500070DFF = {
						CreatedOnToolsVersion = 6.3;
					};
					13A64D351ABF6CA500070DFF = {
						CreatedOnToolsVersion = 6.3;
						TestTargetID = 13A64D201ABF6CA500070DFF;
					};
				};
			};
			buildConfigurationList = 13A64D1C1ABF6CA500070DFF /* Build configuration list for PBXProject "InfiniteNestedData" */;
			compatibilityVersion = "Xcode 3.2";
			developmentRegion = English;
			hasScannedForEncodings = 0;
			knownRegions = (
				en,
				Base,
			);
			mainGroup = 13A64D181ABF6CA500070DFF;
			productRefGroup = 13A64D221ABF6CA500070DFF /* Products */;
			projectDirPath = "";
			projectRoot = "";
			targets = (
				13A64D201ABF6CA500070DFF /* InfiniteNestedData */,
				13A64D351ABF6CA500070DFF /* InfiniteNestedDataTests */,
			);
		};
/* End PBXProject section */

/* Begin PBXResourcesBuildPhase section */
		13A64D1F1ABF6CA500070DFF /* Resources */ = {
			isa = PBXResourcesBuildPhase;
			buildActionMask = 2147483647;
			files = (
				13A64D2C1ABF6CA500070DFF /* Main.storyboard in Resources */,
				13A64D311ABF6CA500070DFF /* LaunchScreen.xib in Resources */,
				13A64D2E1ABF6CA500070DFF /* Images.xcassets in Resources */,
			);
			runOnlyForDeploymentPostprocessing = 0;
		};
		13A64D341ABF6CA500070DFF /* Resources */ = {
			isa = PBXResourcesBuildPhase;
			buildActionMask = 2147483647;
			files = (
			);
			runOnlyForDeploymentPostprocessing = 0;
		};
/* End PBXResourcesBuildPhase section */

/* Begin PBXSourcesBuildPhase section */
		13A64D1D1ABF6CA500070DFF /* Sources */ = {
			isa = PBXSourcesBuildPhase;
			buildActionMask = 2147483647;
			files = (
				13A64D291ABF6CA500070DFF /* ViewController.swift in Sources */,
				13A64D271ABF6CA500070DFF /* AppDelegate.swift in Sources */,
			);
			runOnlyForDeploymentPostprocessing = 0;
		};
		13A64D321ABF6CA500070DFF /* Sources */ = {
			isa = PBXSourcesBuildPhase;
			buildActionMask = 2147483647;
			files = (
				13A64D3D1ABF6CA500070DFF /* InfiniteNestedDataTests.swift in Sources */,
			);
			runOnlyForDeploymentPostprocessing = 0;
		};
/* End PBXSourcesBuildPhase section */

/* Begin PBXTargetDependency section */
		13A64D381ABF6CA500070DFF /* PBXTargetDependency */ = {
			isa = PBXTargetDependency;
			target = 13A64D201ABF6CA500070DFF /* InfiniteNestedData */;
			targetProxy = 13A64D371ABF6CA500070DFF /* PBXContainerItemProxy */;
		};
/* End PBXTargetDependency section */

/* Begin PBXVariantGroup section */
		13A64D2A1ABF6CA500070DFF /* Main.storyboard */ = {
			isa = PBXVariantGroup;
			children = (
				13A64D2B1ABF6CA500070DFF /* Base */,
			);
			name = Main.storyboard;
			sourceTree = "<group>";
		};
		13A64D2F1ABF6CA500070DFF /* LaunchScreen.xib */ = {
			isa = PBXVariantGroup;
			children = (
				13A64D301ABF6CA500070DFF /* Base */,
			);
			name = LaunchScreen.xib;
			sourceTree = "<group>";
		};
/* End PBXVariantGroup section */

/* Begin XCBuildConfiguration section */
		13A64D3E1ABF6CA500070DFF /* Debug */ = {
			isa = XCBuildConfiguration;
			buildSettings = {
				ALWAYS_SEARCH_USER_PATHS = NO;
				CLANG_CXX_LANGUAGE_STANDARD = "gnu++0x";
				CLANG_CXX_LIBRARY = "libc++";
				CLANG_ENABLE_MODULES = YES;
				CLANG_ENABLE_OBJC_ARC = YES;
				CLANG_WARN_BOOL_CONVERSION = YES;
				CLANG_WARN_CONSTANT_CONVERSION = YES;
				CLANG_WARN_DIRECT_OBJC_ISA_USAGE = YES_ERROR;
				CLANG_WARN_EMPTY_BODY = YES;
				CLANG_WARN_ENUM_CONVERSION = YES;
				CLANG_WARN_INT_CONVERSION = YES;
				CLANG_WARN_OBJC_ROOT_CLASS = YES_ERROR;
				CLANG_WARN_UNREACHABLE_CODE = YES;
				CLANG_WARN__DUPLICATE_METHOD_MATCH = YES;
				"CODE_SIGN_IDENTITY[sdk=iphoneos*]" = "iPhone Developer";
				COPY_PHASE_STRIP = NO;
				DEBUG_INFORMATION_FORMAT = "dwarf-with-dsym";
				ENABLE_STRICT_OBJC_MSGSEND = YES;
				GCC_C_LANGUAGE_STANDARD = gnu99;
				GCC_DYNAMIC_NO_PIC = NO;
				GCC_NO_COMMON_BLOCKS = YES;
				GCC_OPTIMIZATION_LEVEL = 0;
				GCC_PREPROCESSOR_DEFINITIONS = (
					"DEBUG=1",
					"$(inherited)",
				);
				GCC_SYMBOLS_PRIVATE_EXTERN = NO;
				GCC_WARN_64_TO_32_BIT_CONVERSION = YES;
				GCC_WARN_ABOUT_RETURN_TYPE = YES_ERROR;
				GCC_WARN_UNDECLARED_SELECTOR = YES;
				GCC_WARN_UNINITIALIZED_AUTOS = YES_AGGRESSIVE;
				GCC_WARN_UNUSED_FUNCTION = YES;
				GCC_WARN_UNUSED_VARIABLE = YES;
				IPHONEOS_DEPLOYMENT_TARGET = 8.3;
				MTL_ENABLE_DEBUG_INFO = YES;
				ONLY_ACTIVE_ARCH = YES;
				SDKROOT = iphoneos;
				SWIFT_OPTIMIZATION_LEVEL = "-Onone";
				TARGETED_DEVICE_FAMILY = "1,2";
			};
			name = Debug;
		};
		13A64D3F1ABF6CA500070DFF /* Release */ = {
			isa = XCBuildConfiguration;
			buildSettings = {
				ALWAYS_SEARCH_USER_PATHS = NO;
				CLANG_CXX_LANGUAGE_STANDARD = "gnu++0x";
				CLANG_CXX_LIBRARY = "libc++";
				CLANG_ENABLE_MODULES = YES;
				CLANG_ENABLE_OBJC_ARC = YES;
				CLANG_WARN_BOOL_CONVERSION = YES;
				CLANG_WARN_CONSTANT_CONVERSION = YES;
				CLANG_WARN_DIRECT_OBJC_ISA_USAGE = YES_ERROR;
				CLANG_WARN_EMPTY_BODY = YES;
				CLANG_WARN_ENUM_CONVERSION = YES;
				CLANG_WARN_INT_CONVERSION = YES;
				CLANG_WARN_OBJC_ROOT_CLASS = YES_ERROR;
				CLANG_WARN_UNREACHABLE_CODE = YES;
				CLANG_WARN__DUPLICATE_METHOD_MATCH = YES;
				"CODE_SIGN_IDENTITY[sdk=iphoneos*]" = "iPhone Developer";
				COPY_PHASE_STRIP = NO;
				DEBUG_INFORMATION_FORMAT = "dwarf-with-dsym";
				ENABLE_NS_ASSERTIONS = NO;
				ENABLE_STRICT_OBJC_MSGSEND = YES;
				GCC_C_LANGUAGE_STANDARD = gnu99;
				GCC_NO_COMMON_BLOCKS = YES;
				GCC_WARN_64_TO_32_BIT_CONVERSION = YES;
				GCC_WARN_ABOUT_RETURN_TYPE = YES_ERROR;
				GCC_WARN_UNDECLARED_SELECTOR = YES;
				GCC_WARN_UNINITIALIZED_AUTOS = YES_AGGRESSIVE;
				GCC_WARN_UNUSED_FUNCTION = YES;
				GCC_WARN_UNUSED_VARIABLE = YES;
				IPHONEOS_DEPLOYMENT_TARGET = 8.3;
				MTL_ENABLE_DEBUG_INFO = NO;
				SDKROOT = iphoneos;
				TARGETED_DEVICE_FAMILY = "1,2";
				VALIDATE_PRODUCT = YES;
			};
			name = Release;
		};
		13A64D411ABF6CA500070DFF /* Debug */ = {
			isa = XCBuildConfiguration;
			buildSettings = {
				ASSETCATALOG_COMPILER_APPICON_NAME = AppIcon;
				INFOPLIST_FILE = InfiniteNestedData/Info.plist;
				LD_RUNPATH_SEARCH_PATHS = "$(inherited) @executable_path/Frameworks";
				PRODUCT_NAME = "$(TARGET_NAME)";
			};
			name = Debug;
		};
		13A64D421ABF6CA500070DFF /* Release */ = {
			isa = XCBuildConfiguration;
			buildSettings = {
				ASSETCATALOG_COMPILER_APPICON_NAME = AppIcon;
				INFOPLIST_FILE = InfiniteNestedData/Info.plist;
				LD_RUNPATH_SEARCH_PATHS = "$(inherited) @executable_path/Frameworks";
				PRODUCT_NAME = "$(TARGET_NAME)";
			};
			name = Release;
		};
		13A64D441ABF6CA500070DFF /* Debug */ = {
			isa = XCBuildConfiguration;
			buildSettings = {
				BUNDLE_LOADER = "$(TEST_HOST)";
				FRAMEWORK_SEARCH_PATHS = (
					"$(SDKROOT)/Developer/Library/Frameworks",
					"$(inherited)",
				);
				GCC_PREPROCESSOR_DEFINITIONS = (
					"DEBUG=1",
					"$(inherited)",
				);
				INFOPLIST_FILE = InfiniteNestedDataTests/Info.plist;
				LD_RUNPATH_SEARCH_PATHS = "$(inherited) @executable_path/Frameworks @loader_path/Frameworks";
				PRODUCT_NAME = "$(TARGET_NAME)";
				TEST_HOST = "$(BUILT_PRODUCTS_DIR)/InfiniteNestedData.app/InfiniteNestedData";
			};
			name = Debug;
		};
		13A64D451ABF6CA500070DFF /* Release */ = {
			isa = XCBuildConfiguration;
			buildSettings = {
				BUNDLE_LOADER = "$(TEST_HOST)";
				FRAMEWORK_SEARCH_PATHS = (
					"$(SDKROOT)/Developer/Library/Frameworks",
					"$(inherited)",
				);
				INFOPLIST_FILE = InfiniteNestedDataTests/Info.plist;
				LD_RUNPATH_SEARCH_PATHS = "$(inherited) @executable_path/Frameworks @loader_path/Frameworks";
				PRODUCT_NAME = "$(TARGET_NAME)";
				TEST_HOST = "$(BUILT_PRODUCTS_DIR)/InfiniteNestedData.app/InfiniteNestedData";
			};
			name = Release;
		};
/* End XCBuildConfiguration section */

/* Begin XCConfigurationList section */
		13A64D1C1ABF6CA500070DFF /* Build configuration list for PBXProject "InfiniteNestedData" */ = {
			isa = XCConfigurationList;
			buildConfigurations = (
				13A64D3E1ABF6CA500070DFF /* Debug */,
				13A64D3F1ABF6CA500070DFF /* Release */,
			);
			defaultConfigurationIsVisible = 0;
			defaultConfigurationName = Release;
		};
		13A64D401ABF6CA500070DFF /* Build configuration list for PBXNativeTarget "InfiniteNestedData" */ = {
			isa = XCConfigurationList;
			buildConfigurations = (
				13A64D411ABF6CA500070DFF /* Debug */,
				13A64D421ABF6CA500070DFF /* Release */,
			);
			defaultConfigurationIsVisible = 0;
		};
		13A64D431ABF6CA500070DFF /* Build configuration list for PBXNativeTarget "InfiniteNestedDataTests" */ = {
			isa = XCConfigurationList;
			buildConfigurations = (
				13A64D441ABF6CA500070DFF /* Debug */,
				13A64D451ABF6CA500070DFF /* Release */,
			);
			defaultConfigurationIsVisible = 0;
		};
/* End XCConfigurationList section */
	};
	rootObject = 13A64D191ABF6CA500070DFF /* Project object */;
}
